
Microsoft Visual Studio Solution File, Format Version 12.00
# Visual Studio Version 17
VisualStudioVersion = 17.14.36401.2
MinimumVisualStudioVersion = 10.0.40219.1
Project("{FAE04EC0-301F-11D3-BF4B-00C04F79EFBC}") = "SavannaGame", "SavannaGame\SavannaGame.csproj", "{90929F4D-07CB-4590-AFA0-7B2D37F9E2BE}"
EndProject
Project("{FAE04EC0-301F-11D3-BF4B-00C04F79EFBC}") = "SavannaEngine", "SavannaEngine\SavannaEngine.csproj", "{E80811C6-F36D-4627-8D4C-C3455853C00D}"
EndProject
Project("{FAE04EC0-301F-11D3-BF4B-00C04F79EFBC}") = "SavannaEngine.Tests", "SavannaEngine.Tests\SavannaEngine.Tests.csproj", "{3D9C7A88-5017-4CA4-80FE-89E31CCC5477}"
EndProject
Project("{FAE04EC0-301F-11D3-BF4B-00C04F79EFBC}") = "SavannaContracts", "SavannaContracts\SavannaContracts.csproj", "{6397E59D-E29C-4AC8-B603-9BA123974600}"
EndProject
Project("{FAE04EC0-301F-11D3-BF4B-00C04F79EFBC}") = "SavannaBehaviors", "SavannaBehaviors\SavannaBehaviors.csproj", "{6A768370-46EC-47CF-B4EC-B7A396FF7B1A}"
EndProject
Global
	GlobalSection(SolutionConfigurationPlatforms) = preSolution
		Debug|Any CPU = Debug|Any CPU
		Release|Any CPU = Release|Any CPU
	EndGlobalSection
	GlobalSection(ProjectConfigurationPlatforms) = postSolution
		{90929F4D-07CB-4590-AFA0-7B2D37F9E2BE}.Debug|Any CPU.ActiveCfg = Debug|Any CPU
		{90929F4D-07CB-4590-AFA0-7B2D37F9E2BE}.Debug|Any CPU.Build.0 = Debug|Any CPU
		{90929F4D-07CB-4590-AFA0-7B2D37F9E2BE}.Release|Any CPU.ActiveCfg = Release|Any CPU
		{90929F4D-07CB-4590-AFA0-7B2D37F9E2BE}.Release|Any CPU.Build.0 = Release|Any CPU
		{E80811C6-F36D-4627-8D4C-C3455853C00D}.Debug|Any CPU.ActiveCfg = Debug|Any CPU
		{E80811C6-F36D-4627-8D4C-C3455853C00D}.Debug|Any CPU.Build.0 = Debug|Any CPU
		{E80811C6-F36D-4627-8D4C-C3455853C00D}.Release|Any CPU.ActiveCfg = Release|Any CPU
		{E80811C6-F36D-4627-8D4C-C3455853C00D}.Release|Any CPU.Build.0 = Release|Any CPU
		{3D9C7A88-5017-4CA4-80FE-89E31CCC5477}.Debug|Any CPU.ActiveCfg = Debug|Any CPU
		{3D9C7A88-5017-4CA4-80FE-89E31CCC5477}.Debug|Any CPU.Build.0 = Debug|Any CPU
		{3D9C7A88-5017-4CA4-80FE-89E31CCC5477}.Release|Any CPU.ActiveCfg = Release|Any CPU
		{3D9C7A88-5017-4CA4-80FE-89E31CCC5477}.Release|Any CPU.Build.0 = Release|Any CPU
		{6397E59D-E29C-4AC8-B603-9BA123974600}.Debug|Any CPU.ActiveCfg = Debug|Any CPU
		{6397E59D-E29C-4AC8-B603-9BA123974600}.Debug|Any CPU.Build.0 = Debug|Any CPU
		{6397E59D-E29C-4AC8-B603-9BA123974600}.Release|Any CPU.ActiveCfg = Release|Any CPU
		{6397E59D-E29C-4AC8-B603-9BA123974600}.Release|Any CPU.Build.0 = Release|Any CPU
		{6A768370-46EC-47CF-B4EC-B7A396FF7B1A}.Debug|Any CPU.ActiveCfg = Debug|Any CPU
		{6A768370-46EC-47CF-B4EC-B7A396FF7B1A}.Debug|Any CPU.Build.0 = Debug|Any CPU
		{6A768370-46EC-47CF-B4EC-B7A396FF7B1A}.Release|Any CPU.ActiveCfg = Release|Any CPU
		{6A768370-46EC-47CF-B4EC-B7A396FF7B1A}.Release|Any CPU.Build.0 = Release|Any CPU
	EndGlobalSection
	GlobalSection(SolutionProperties) = preSolution
		HideSolutionNode = FALSE
	EndGlobalSection
	GlobalSection(ExtensibilityGlobals) = postSolution
		SolutionGuid = {7AD25666-19B5-424E-AFEB-7427CF72AEC4}
	EndGlobalSection
EndGlobal
